
Microsoft Visual Studio Solution File, Format Version 12.00
# Visual Studio Version 17
VisualStudioVersion = 17.5.002.0
MinimumVisualStudioVersion = 10.0.40219.1
Project("{2150E333-8FDC-42A3-9474-1A3956D46DE8}") = "BankoKeo-v1", "BankoKeo-v1", "{DCD2C179-E095-4E07-A705-CDB266EEDEEF}"
EndProject
Project("{9A19103F-16F7-4668-BE54-9A1E7A4F7556}") = "CaixaEletronico", "BankoKeo-v1\BanKoKeo\CaixaEletronico.csproj", "{A8EF78AA-BF5E-44D2-A29F-4EE8838EE2CA}"
EndProject
Global
	GlobalSection(SolutionConfigurationPlatforms) = preSolution
		Debug|Any CPU = Debug|Any CPU
		Release|Any CPU = Release|Any CPU
	EndGlobalSection
	GlobalSection(ProjectConfigurationPlatforms) = postSolution
		{A8EF78AA-BF5E-44D2-A29F-4EE8838EE2CA}.Debug|Any CPU.ActiveCfg = Debug|Any CPU
		{A8EF78AA-BF5E-44D2-A29F-4EE8838EE2CA}.Debug|Any CPU.Build.0 = Debug|Any CPU
		{A8EF78AA-BF5E-44D2-A29F-4EE8838EE2CA}.Release|Any CPU.ActiveCfg = Release|Any CPU
		{A8EF78AA-BF5E-44D2-A29F-4EE8838EE2CA}.Release|Any CPU.Build.0 = Release|Any CPU
	EndGlobalSection
	GlobalSection(SolutionProperties) = preSolution
		HideSolutionNode = FALSE
	EndGlobalSection
	GlobalSection(NestedProjects) = preSolution
		{A8EF78AA-BF5E-44D2-A29F-4EE8838EE2CA} = {DCD2C179-E095-4E07-A705-CDB266EEDEEF}
	EndGlobalSection
	GlobalSection(ExtensibilityGlobals) = postSolution
		SolutionGuid = {20604DD2-388E-4856-A526-4E44E675CEA3}
	EndGlobalSection
EndGlobal
